
Microsoft Visual Studio Solution File, Format Version 12.00
# Visual Studio 15
VisualStudioVersion = 15.0.27428.2037
MinimumVisualStudioVersion = 10.0.40219.1
Project("{FAE04EC0-301F-11D3-BF4B-00C04F79EFBC}") = "TestIdetity", "TestIdetity\TestIdetity.csproj", "{55873D39-75B3-44A0-9FB2-7794814F1596}"
EndProject
Global
	GlobalSection(SolutionConfigurationPlatforms) = preSolution
		Debug|Any CPU = Debug|Any CPU
		Release|Any CPU = Release|Any CPU
	EndGlobalSection
	GlobalSection(ProjectConfigurationPlatforms) = postSolution
		{55873D39-75B3-44A0-9FB2-7794814F1596}.Debug|Any CPU.ActiveCfg = Debug|Any CPU
		{55873D39-75B3-44A0-9FB2-7794814F1596}.Debug|Any CPU.Build.0 = Debug|Any CPU
		{55873D39-75B3-44A0-9FB2-7794814F1596}.Release|Any CPU.ActiveCfg = Release|Any CPU
		{55873D39-75B3-44A0-9FB2-7794814F1596}.Release|Any CPU.Build.0 = Release|Any CPU
	EndGlobalSection
	GlobalSection(SolutionProperties) = preSolution
		HideSolutionNode = FALSE
	EndGlobalSection
	GlobalSection(ExtensibilityGlobals) = postSolution
		SolutionGuid = {D61F7C3B-BF8C-47D2-9F7B-849B9A93783A}
	EndGlobalSection
EndGlobal
